
Microsoft Visual Studio Solution File, Format Version 12.00
# Visual Studio Version 17
VisualStudioVersion = 17.2.32526.322
MinimumVisualStudioVersion = 10.0.40219.1
Project("{8BC9CEB8-8B4A-11D0-8D11-00A0C91BC942}") = "DllFigures", "DllFigures\DllFigures.vcxproj", "{49BCAF32-F60C-4A87-99C3-53B8296FF46B}"
EndProject
Project("{9A19103F-16F7-4668-BE54-9A1E7A4F7556}") = "FigureClient", "FigureClient\FigureClient.csproj", "{C8168D56-9AEE-461C-B77D-8C90C1F76CE6}"
	ProjectSection(ProjectDependencies) = postProject
		{49BCAF32-F60C-4A87-99C3-53B8296FF46B} = {49BCAF32-F60C-4A87-99C3-53B8296FF46B}
	EndProjectSection
EndProject
Global
	GlobalSection(SolutionConfigurationPlatforms) = preSolution
		Debug|Any CPU = Debug|Any CPU
		Debug|x64 = Debug|x64
		Debug|x86 = Debug|x86
		Release|Any CPU = Release|Any CPU
		Release|x64 = Release|x64
		Release|x86 = Release|x86
	EndGlobalSection
	GlobalSection(ProjectConfigurationPlatforms) = postSolution
		{49BCAF32-F60C-4A87-99C3-53B8296FF46B}.Debug|Any CPU.ActiveCfg = Debug|x64
		{49BCAF32-F60C-4A87-99C3-53B8296FF46B}.Debug|Any CPU.Build.0 = Debug|x64
		{49BCAF32-F60C-4A87-99C3-53B8296FF46B}.Debug|x64.ActiveCfg = Debug|x64
		{49BCAF32-F60C-4A87-99C3-53B8296FF46B}.Debug|x64.Build.0 = Debug|x64
		{49BCAF32-F60C-4A87-99C3-53B8296FF46B}.Debug|x86.ActiveCfg = Debug|Win32
		{49BCAF32-F60C-4A87-99C3-53B8296FF46B}.Debug|x86.Build.0 = Debug|Win32
		{49BCAF32-F60C-4A87-99C3-53B8296FF46B}.Release|Any CPU.ActiveCfg = Release|x64
		{49BCAF32-F60C-4A87-99C3-53B8296FF46B}.Release|Any CPU.Build.0 = Release|x64
		{49BCAF32-F60C-4A87-99C3-53B8296FF46B}.Release|x64.ActiveCfg = Release|x64
		{49BCAF32-F60C-4A87-99C3-53B8296FF46B}.Release|x64.Build.0 = Release|x64
		{49BCAF32-F60C-4A87-99C3-53B8296FF46B}.Release|x86.ActiveCfg = Release|Win32
		{49BCAF32-F60C-4A87-99C3-53B8296FF46B}.Release|x86.Build.0 = Release|Win32
		{C8168D56-9AEE-461C-B77D-8C90C1F76CE6}.Debug|Any CPU.ActiveCfg = Debug|Any CPU
		{C8168D56-9AEE-461C-B77D-8C90C1F76CE6}.Debug|Any CPU.Build.0 = Debug|Any CPU
		{C8168D56-9AEE-461C-B77D-8C90C1F76CE6}.Debug|x64.ActiveCfg = Debug|x64
		{C8168D56-9AEE-461C-B77D-8C90C1F76CE6}.Debug|x64.Build.0 = Debug|x64
		{C8168D56-9AEE-461C-B77D-8C90C1F76CE6}.Debug|x86.ActiveCfg = Debug|Any CPU
		{C8168D56-9AEE-461C-B77D-8C90C1F76CE6}.Debug|x86.Build.0 = Debug|Any CPU
		{C8168D56-9AEE-461C-B77D-8C90C1F76CE6}.Release|Any CPU.ActiveCfg = Release|Any CPU
		{C8168D56-9AEE-461C-B77D-8C90C1F76CE6}.Release|Any CPU.Build.0 = Release|Any CPU
		{C8168D56-9AEE-461C-B77D-8C90C1F76CE6}.Release|x64.ActiveCfg = Release|Any CPU
		{C8168D56-9AEE-461C-B77D-8C90C1F76CE6}.Release|x64.Build.0 = Release|Any CPU
		{C8168D56-9AEE-461C-B77D-8C90C1F76CE6}.Release|x86.ActiveCfg = Release|Any CPU
		{C8168D56-9AEE-461C-B77D-8C90C1F76CE6}.Release|x86.Build.0 = Release|Any CPU
	EndGlobalSection
	GlobalSection(SolutionProperties) = preSolution
		HideSolutionNode = FALSE
	EndGlobalSection
	GlobalSection(ExtensibilityGlobals) = postSolution
		SolutionGuid = {B3A00BAA-7E28-4876-9E07-68DCA786C38F}
	EndGlobalSection
EndGlobal
